github.com/aopoltorzhicky/go_kraken/rest v0.0.3 h1:oTRp0xqqsq0g83UOu6dCQtbKTk1lZjqtH3TsaDwDt/o=
github.com/aopoltorzhicky/go_kraken/rest v0.0.3/go.mod h1:cen8hPWBicFQ1T4EoseSAkxvCD7zzZYIzxb0OVTHDk0=
github.com/aopoltorzhicky/go_kraken/websocket v0.1.7 h1:yklxM+BnyCJ5Nu9Oc25e3ZfWts1MJp9VFIAN7bBxZ7A=
github.com/aopoltorzhicky/go_kraken/websocket v0.1.7/go.mod h1:WeIl/+k5CzkDXq6+VraQCes/IuWXBlRPpiGRWvpBhQk=
github.com/davecgh/go-spew v1.1.1/go.mod h1:J7Y8YcW2NihsgmVo/mv3lAwl/skON4iLHjSsI+c5H38=
github.com/gorilla/websocket v1.4.1 h1:q7AeDBpnBk8AogcD4DSag/Ukw/KV+YhzLj2bP5HvKCM=
github.com/gorilla/websocket v1.4.1/go.mod h1:YR8l580nyteQvAITg2hZ9XVh4b55+EU/adAjf1fMHhE=
github.com/lib/pq v1.10.3 h1:v9QZf2Sn6AmjXtQeFpdoq/eaNtYP6IN+7lcrygsIAtg=
github.com/lib/pq v1.10.3/go.mod h1:AlVN5x4E4T544tWzH6hKfbfQvm3HdbOxrmggDNAPY9o=
github.com/pkg/errors v0.9.1 h1:FEBLx1zS214owpjy7qsBeixbURkuhQAwrK5UwLGTwt4=
github.com/pkg/errors v0.9.1/go.mod h1:bwawxfHBFNV+L2hUp1rHADufV3IMtnDRdf1r5NINEl0=
github.com/pmezard/go-difflib v1.0.0/go.mod h1:iKH77koFhYxTK1pcRnkKkqfTogsbg7gZNVY4sRDYZ/4=
github.com/pscompsci/eventbus v0.0.0-20211017022559-357394e7bab3 h1:Nn5s+ZZZ6qsCsqIzrRS8XyFa0M1daGjy6OZ/kT3zXDc=
github.com/pscompsci/eventbus v0.0.0-20211017022559-357394e7bab3/go.mod h1:vbY8Ps9QCj3cBTYpEplcX4fSmNR9a7BmndpwYXZelnQ=
github.com/pscompsci/eventbus v0.0.0-20211017024217-1da0e6d331b8 h1:8p+5h2lxggIv6ptwBEhcjR9AsWL19DJ6//8Dx8EKAkc=
github.com/pscompsci/eventbus v0.0.0-20211017024217-1da0e6d331b8/go.mod h1:vbY8Ps9QCj3cBTYpEplcX4fSmNR9a7BmndpwYXZelnQ=
github.com/sirupsen/logrus v1.8.1 h1:dJKuHgqk1NNQlqoA6BTlM1Wf9DOH3NBjQyu0h9+AZZE=
github.com/sirupsen/logrus v1.8.1/go.mod h1:yWOB1SBYBC5VeMP7gHvWumXLIWorT60ONWic61uBYv0=
github.com/stretchr/testify v1.2.2/go.mod h1:a8OnRcib4nhh0OaRAV+Yts87kKdq0PP7pXfy6kDkUVs=
golang.org/x/sys v0.0.0-20191026070338-33540a1f6037 h1:YyJpGZS1sBuBCzLAR1VEpK193GlqGZbnPFnPV/5Rsb4=
golang.org/x/sys v0.0.0-20191026070338-33540a1f6037/go.mod h1:h1NjWce9XRLGQEsW7wpKNCjG9DtNlClVuFLEZdDNbEs=
